// !$*UTF8*$!
{
	archiveVersion = 1;
	classes = {
	};
	objectVersion = 46;
	objects = {

/* Begin PBXBuildFile section */
		9414CA231D1E929300C08C6D /* RegionsPool.swift in Sources */ = {isa = PBXBuildFile; fileRef = 9414CA221D1E929200C08C6D /* RegionsPool.swift */; };
		9414CA281D1FC29300C08C6D /* RegionsController.swift in Sources */ = {isa = PBXBuildFile; fileRef = 9414CA271D1FC29300C08C6D /* RegionsController.swift */; };
		9414CA391D1FEFF900C08C6D /* RegionsInfo.xcdatamodeld in Sources */ = {isa = PBXBuildFile; fileRef = 9414CA371D1FEFF900C08C6D /* RegionsInfo.xcdatamodeld */; };
		9414CA3C1D1FF05500C08C6D /* RegionInfo+CoreDataProperties.swift in Sources */ = {isa = PBXBuildFile; fileRef = 9414CA3A1D1FF05500C08C6D /* RegionInfo+CoreDataProperties.swift */; };
		9414CA3D1D1FF05500C08C6D /* RegionInfo.swift in Sources */ = {isa = PBXBuildFile; fileRef = 9414CA3B1D1FF05500C08C6D /* RegionInfo.swift */; };
		943334811D25CE020012BF8C /* AddRegionViewController.swift in Sources */ = {isa = PBXBuildFile; fileRef = 943334801D25CE020012BF8C /* AddRegionViewController.swift */; };
		9448E1B11D4E935800B199A4 /* BesideBeaconsController.swift in Sources */ = {isa = PBXBuildFile; fileRef = 9448E1B01D4E935800B199A4 /* BesideBeaconsController.swift */; };
		9448E1B31D4FE37200B199A4 /* Localizable.strings in Resources */ = {isa = PBXBuildFile; fileRef = 9448E1B21D4FE37200B199A4 /* Localizable.strings */; };
		947AAB511D31530600095377 /* BeaconItem.swift in Sources */ = {isa = PBXBuildFile; fileRef = 947AAB501D31530600095377 /* BeaconItem.swift */; };
		947AAB531D3181BE00095377 /* BeaconsStorageDelegate.swift in Sources */ = {isa = PBXBuildFile; fileRef = 947AAB521D3181BE00095377 /* BeaconsStorageDelegate.swift */; };
		947AAB551D32498900095377 /* BeaconDetailController.swift in Sources */ = {isa = PBXBuildFile; fileRef = 947AAB541D32498900095377 /* BeaconDetailController.swift */; };
		947AAB571D3438A200095377 /* BeaconCell.xib in Resources */ = {isa = PBXBuildFile; fileRef = 947AAB561D3438A200095377 /* BeaconCell.xib */; };
		947AAB591D34C82E00095377 /* BeaconViewCell.swift in Sources */ = {isa = PBXBuildFile; fileRef = 947AAB581D34C82E00095377 /* BeaconViewCell.swift */; };
		94F0D4A61D1D373300EBF14B /* AppDelegate.swift in Sources */ = {isa = PBXBuildFile; fileRef = 94F0D4A51D1D373300EBF14B /* AppDelegate.swift */; };
		94F0D4A81D1D373300EBF14B /* StoredBeaconsController.swift in Sources */ = {isa = PBXBuildFile; fileRef = 94F0D4A71D1D373300EBF14B /* StoredBeaconsController.swift */; };
		94F0D4AB1D1D373300EBF14B /* Main.storyboard in Resources */ = {isa = PBXBuildFile; fileRef = 94F0D4A91D1D373300EBF14B /* Main.storyboard */; };
		94F0D4AD1D1D373300EBF14B /* Assets.xcassets in Resources */ = {isa = PBXBuildFile; fileRef = 94F0D4AC1D1D373300EBF14B /* Assets.xcassets */; };
		94F0D4B01D1D373300EBF14B /* LaunchScreen.storyboard in Resources */ = {isa = PBXBuildFile; fileRef = 94F0D4AE1D1D373300EBF14B /* LaunchScreen.storyboard */; };
		94F0D4BB1D1D373300EBF14B /* iBeaconManagerTests.swift in Sources */ = {isa = PBXBuildFile; fileRef = 94F0D4BA1D1D373300EBF14B /* iBeaconManagerTests.swift */; };
		BCA2A3D01D266465003C75A4 /* BeaconsStorage.swift in Sources */ = {isa = PBXBuildFile; fileRef = BCA2A3CF1D266465003C75A4 /* BeaconsStorage.swift */; };
		D90F319DFCA58BC1F5A916CE /* Pods_iBeaconManager.framework in Frameworks */ = {isa = PBXBuildFile; fileRef = 964E2B55823FC93BA16BC9B2 /* Pods_iBeaconManager.framework */; };
		F8862CB4FBE73F1D0FB55AE4 /* Pods_iBeaconManagerTests.framework in Frameworks */ = {isa = PBXBuildFile; fileRef = 383533D2577A70264D580EDC /* Pods_iBeaconManagerTests.framework */; };
/* End PBXBuildFile section */

/* Begin PBXContainerItemProxy section */
		94F0D4B71D1D373300EBF14B /* PBXContainerItemProxy */ = {
			isa = PBXContainerItemProxy;
			containerPortal = 94F0D49A1D1D373300EBF14B /* Project object */;
			proxyType = 1;
			remoteGlobalIDString = 94F0D4A11D1D373300EBF14B;
			remoteInfo = iBeaconManager;
		};
/* End PBXContainerItemProxy section */

/* Begin PBXFileReference section */
		1FDDDFABFAD21ACBCFD72FC5 /* Pods-iBeaconManager.release.xcconfig */ = {isa = PBXFileReference; includeInIndex = 1; lastKnownFileType = text.xcconfig; name = "Pods-iBeaconManager.release.xcconfig"; path = "Pods/Target Support Files/Pods-iBeaconManager/Pods-iBeaconManager.release.xcconfig"; sourceTree = "<group>"; };
		383533D2577A70264D580EDC /* Pods_iBeaconManagerTests.framework */ = {isa = PBXFileReference; explicitFileType = wrapper.framework; includeInIndex = 0; path = Pods_iBeaconManagerTests.framework; sourceTree = BUILT_PRODUCTS_DIR; };
		92CD286735620A676C25D3B6 /* Pods-iBeaconManager.debug.xcconfig */ = {isa = PBXFileReference; includeInIndex = 1; lastKnownFileType = text.xcconfig; name = "Pods-iBeaconManager.debug.xcconfig"; path = "Pods/Target Support Files/Pods-iBeaconManager/Pods-iBeaconManager.debug.xcconfig"; sourceTree = "<group>"; };
		9414CA221D1E929200C08C6D /* RegionsPool.swift */ = {isa = PBXFileReference; fileEncoding = 4; lastKnownFileType = sourcecode.swift; path = RegionsPool.swift; sourceTree = "<group>"; };
		9414CA271D1FC29300C08C6D /* RegionsController.swift */ = {isa = PBXFileReference; fileEncoding = 4; lastKnownFileType = sourcecode.swift; path = RegionsController.swift; sourceTree = "<group>"; };
		9414CA381D1FEFF900C08C6D /* RegionsInfo.xcdatamodel */ = {isa = PBXFileReference; lastKnownFileType = wrapper.xcdatamodel; path = RegionsInfo.xcdatamodel; sourceTree = "<group>"; };
		9414CA3A1D1FF05500C08C6D /* RegionInfo+CoreDataProperties.swift */ = {isa = PBXFileReference; fileEncoding = 4; lastKnownFileType = sourcecode.swift; path = "RegionInfo+CoreDataProperties.swift"; sourceTree = "<group>"; };
		9414CA3B1D1FF05500C08C6D /* RegionInfo.swift */ = {isa = PBXFileReference; fileEncoding = 4; lastKnownFileType = sourcecode.swift; path = RegionInfo.swift; sourceTree = "<group>"; };
		943334801D25CE020012BF8C /* AddRegionViewController.swift */ = {isa = PBXFileReference; fileEncoding = 4; lastKnownFileType = sourcecode.swift; path = AddRegionViewController.swift; sourceTree = "<group>"; };
		9448E1B01D4E935800B199A4 /* BesideBeaconsController.swift */ = {isa = PBXFileReference; fileEncoding = 4; lastKnownFileType = sourcecode.swift; path = BesideBeaconsController.swift; sourceTree = "<group>"; };
		9448E1B21D4FE37200B199A4 /* Localizable.strings */ = {isa = PBXFileReference; fileEncoding = 4; lastKnownFileType = text.plist.strings; path = Localizable.strings; sourceTree = "<group>"; };
		947AAB501D31530600095377 /* BeaconItem.swift */ = {isa = PBXFileReference; fileEncoding = 4; lastKnownFileType = sourcecode.swift; path = BeaconItem.swift; sourceTree = "<group>"; };
		947AAB521D3181BE00095377 /* BeaconsStorageDelegate.swift */ = {isa = PBXFileReference; fileEncoding = 4; lastKnownFileType = sourcecode.swift; path = BeaconsStorageDelegate.swift; sourceTree = "<group>"; };
		947AAB541D32498900095377 /* BeaconDetailController.swift */ = {isa = PBXFileReference; fileEncoding = 4; lastKnownFileType = sourcecode.swift; path = BeaconDetailController.swift; sourceTree = "<group>"; };
		947AAB561D3438A200095377 /* BeaconCell.xib */ = {isa = PBXFileReference; fileEncoding = 4; lastKnownFileType = file.xib; path = BeaconCell.xib; sourceTree = "<group>"; };
		947AAB581D34C82E00095377 /* BeaconViewCell.swift */ = {isa = PBXFileReference; fileEncoding = 4; lastKnownFileType = sourcecode.swift; path = BeaconViewCell.swift; sourceTree = "<group>"; };
		94F0D4A21D1D373300EBF14B /* Beacons Box.app */ = {isa = PBXFileReference; explicitFileType = wrapper.application; includeInIndex = 0; path = "Beacons Box.app"; sourceTree = BUILT_PRODUCTS_DIR; };
		94F0D4A51D1D373300EBF14B /* AppDelegate.swift */ = {isa = PBXFileReference; lastKnownFileType = sourcecode.swift; path = AppDelegate.swift; sourceTree = "<group>"; };
		94F0D4A71D1D373300EBF14B /* StoredBeaconsController.swift */ = {isa = PBXFileReference; lastKnownFileType = sourcecode.swift; path = StoredBeaconsController.swift; sourceTree = "<group>"; };
		94F0D4AA1D1D373300EBF14B /* Base */ = {isa = PBXFileReference; lastKnownFileType = file.storyboard; name = Base; path = Base.lproj/Main.storyboard; sourceTree = "<group>"; };
		94F0D4AC1D1D373300EBF14B /* Assets.xcassets */ = {isa = PBXFileReference; lastKnownFileType = folder.assetcatalog; path = Assets.xcassets; sourceTree = "<group>"; };
		94F0D4AF1D1D373300EBF14B /* Base */ = {isa = PBXFileReference; lastKnownFileType = file.storyboard; name = Base; path = Base.lproj/LaunchScreen.storyboard; sourceTree = "<group>"; };
		94F0D4B11D1D373300EBF14B /* Info.plist */ = {isa = PBXFileReference; lastKnownFileType = text.plist.xml; path = Info.plist; sourceTree = "<group>"; };
		94F0D4B61D1D373300EBF14B /* Beacons Box.xctest */ = {isa = PBXFileReference; explicitFileType = wrapper.cfbundle; includeInIndex = 0; path = "Beacons Box.xctest"; sourceTree = BUILT_PRODUCTS_DIR; };
		94F0D4BA1D1D373300EBF14B /* iBeaconManagerTests.swift */ = {isa = PBXFileReference; lastKnownFileType = sourcecode.swift; path = iBeaconManagerTests.swift; sourceTree = "<group>"; };
		94F0D4BC1D1D373300EBF14B /* Info.plist */ = {isa = PBXFileReference; lastKnownFileType = text.plist.xml; path = Info.plist; sourceTree = "<group>"; };
		964E2B55823FC93BA16BC9B2 /* Pods_iBeaconManager.framework */ = {isa = PBXFileReference; explicitFileType = wrapper.framework; includeInIndex = 0; path = Pods_iBeaconManager.framework; sourceTree = BUILT_PRODUCTS_DIR; };
		BCA2A3CF1D266465003C75A4 /* BeaconsStorage.swift */ = {isa = PBXFileReference; fileEncoding = 4; lastKnownFileType = sourcecode.swift; path = BeaconsStorage.swift; sourceTree = "<group>"; };
		BED19967D412AF8D9C5FD13A /* Pods-iBeaconManagerTests.debug.xcconfig */ = {isa = PBXFileReference; includeInIndex = 1; lastKnownFileType = text.xcconfig; name = "Pods-iBeaconManagerTests.debug.xcconfig"; path = "Pods/Target Support Files/Pods-iBeaconManagerTests/Pods-iBeaconManagerTests.debug.xcconfig"; sourceTree = "<group>"; };
		C83C54FAD226EC2715342E04 /* Pods-iBeaconManagerTests.release.xcconfig */ = {isa = PBXFileReference; includeInIndex = 1; lastKnownFileType = text.xcconfig; name = "Pods-iBeaconManagerTests.release.xcconfig"; path = "Pods/Target Support Files/Pods-iBeaconManagerTests/Pods-iBeaconManagerTests.release.xcconfig"; sourceTree = "<group>"; };
/* End PBXFileReference section */

/* Begin PBXFrameworksBuildPhase section */
		94F0D49F1D1D373300EBF14B /* Frameworks */ = {
			isa = PBXFrameworksBuildPhase;
			buildActionMask = 2147483647;
			files = (
				D90F319DFCA58BC1F5A916CE /* Pods_iBeaconManager.framework in Frameworks */,
			);
			runOnlyForDeploymentPostprocessing = 0;
		};
		94F0D4B31D1D373300EBF14B /* Frameworks */ = {
			isa = PBXFrameworksBuildPhase;
			buildActionMask = 2147483647;
			files = (
				F8862CB4FBE73F1D0FB55AE4 /* Pods_iBeaconManagerTests.framework in Frameworks */,
			);
			runOnlyForDeploymentPostprocessing = 0;
		};
/* End PBXFrameworksBuildPhase section */

/* Begin PBXGroup section */
		808D51C8A9C1617AB1C94D7F /* Frameworks */ = {
			isa = PBXGroup;
			children = (
				964E2B55823FC93BA16BC9B2 /* Pods_iBeaconManager.framework */,
				383533D2577A70264D580EDC /* Pods_iBeaconManagerTests.framework */,
			);
			name = Frameworks;
			sourceTree = "<group>";
		};
		9448E1B71D51386000B199A4 /* BeaconCell */ = {
			isa = PBXGroup;
			children = (
			);
			name = BeaconCell;
			sourceTree = "<group>";
		};
		947AAB4C1D31168200095377 /* ViewControllers */ = {
			isa = PBXGroup;
			children = (
				94F0D4A71D1D373300EBF14B /* StoredBeaconsController.swift */,
				9448E1B01D4E935800B199A4 /* BesideBeaconsController.swift */,
				947AAB541D32498900095377 /* BeaconDetailController.swift */,
				9414CA271D1FC29300C08C6D /* RegionsController.swift */,
				943334801D25CE020012BF8C /* AddRegionViewController.swift */,
			);
			name = ViewControllers;
			sourceTree = "<group>";
		};
		947AAB4D1D3116B400095377 /* CoreData */ = {
			isa = PBXGroup;
			children = (
				9414CA371D1FEFF900C08C6D /* RegionsInfo.xcdatamodeld */,
				9414CA3A1D1FF05500C08C6D /* RegionInfo+CoreDataProperties.swift */,
				9414CA3B1D1FF05500C08C6D /* RegionInfo.swift */,
			);
			name = CoreData;
			sourceTree = "<group>";
		};
		947AAB4E1D3116CB00095377 /* Models */ = {
			isa = PBXGroup;
			children = (
				BCA2A3CF1D266465003C75A4 /* BeaconsStorage.swift */,
				947AAB521D3181BE00095377 /* BeaconsStorageDelegate.swift */,
				947AAB501D31530600095377 /* BeaconItem.swift */,
				9414CA221D1E929200C08C6D /* RegionsPool.swift */,
			);
			name = Models;
			sourceTree = "<group>";
		};
		947AAB4F1D31189600095377 /* Viewes */ = {
			isa = PBXGroup;
			children = (
				9448E1B71D51386000B199A4 /* BeaconCell */,
				94F0D4A91D1D373300EBF14B /* Main.storyboard */,
				94F0D4AE1D1D373300EBF14B /* LaunchScreen.storyboard */,
				947AAB581D34C82E00095377 /* BeaconViewCell.swift */,
				947AAB561D3438A200095377 /* BeaconCell.xib */,
			);
			name = Viewes;
			sourceTree = "<group>";
		};
		94F0D4991D1D373300EBF14B = {
			isa = PBXGroup;
			children = (
				94F0D4A41D1D373300EBF14B /* iBeaconManager */,
				94F0D4B91D1D373300EBF14B /* iBeaconManagerTests */,
				94F0D4A31D1D373300EBF14B /* Products */,
				A58747717A85559C3DB34268 /* Pods */,
				808D51C8A9C1617AB1C94D7F /* Frameworks */,
			);
			sourceTree = "<group>";
		};
		94F0D4A31D1D373300EBF14B /* Products */ = {
			isa = PBXGroup;
			children = (
				94F0D4A21D1D373300EBF14B /* Beacons Box.app */,
				94F0D4B61D1D373300EBF14B /* Beacons Box.xctest */,
			);
			name = Products;
			sourceTree = "<group>";
		};
		94F0D4A41D1D373300EBF14B /* iBeaconManager */ = {
			isa = PBXGroup;
			children = (
				947AAB4E1D3116CB00095377 /* Models */,
				947AAB4F1D31189600095377 /* Viewes */,
				947AAB4C1D31168200095377 /* ViewControllers */,
				947AAB4D1D3116B400095377 /* CoreData */,
				94F0D4A51D1D373300EBF14B /* AppDelegate.swift */,
				94F0D4AC1D1D373300EBF14B /* Assets.xcassets */,
				94F0D4B11D1D373300EBF14B /* Info.plist */,
				9448E1B21D4FE37200B199A4 /* Localizable.strings */,
			);
			path = iBeaconManager;
			sourceTree = "<group>";
		};
		94F0D4B91D1D373300EBF14B /* iBeaconManagerTests */ = {
			isa = PBXGroup;
			children = (
				94F0D4BA1D1D373300EBF14B /* iBeaconManagerTests.swift */,
				94F0D4BC1D1D373300EBF14B /* Info.plist */,
			);
			path = iBeaconManagerTests;
			sourceTree = "<group>";
		};
		A58747717A85559C3DB34268 /* Pods */ = {
			isa = PBXGroup;
			children = (
				92CD286735620A676C25D3B6 /* Pods-iBeaconManager.debug.xcconfig */,
				1FDDDFABFAD21ACBCFD72FC5 /* Pods-iBeaconManager.release.xcconfig */,
				BED19967D412AF8D9C5FD13A /* Pods-iBeaconManagerTests.debug.xcconfig */,
				C83C54FAD226EC2715342E04 /* Pods-iBeaconManagerTests.release.xcconfig */,
			);
			name = Pods;
			sourceTree = "<group>";
		};
/* End PBXGroup section */

/* Begin PBXNativeTarget section */
		94F0D4A11D1D373300EBF14B /* Beacons Box */ = {
			isa = PBXNativeTarget;
			buildConfigurationList = 94F0D4BF1D1D373300EBF14B /* Build configuration list for PBXNativeTarget "Beacons Box" */;
			buildPhases = (
				72AB620A293EDDA25EE123ED /* [CP] Check Pods Manifest.lock */,
				94F0D49E1D1D373300EBF14B /* Sources */,
				94F0D49F1D1D373300EBF14B /* Frameworks */,
				94F0D4A01D1D373300EBF14B /* Resources */,
				D2C779DA2DE243D83A406EC2 /* [CP] Embed Pods Frameworks */,
				D41BA23B4C231E5941224060 /* [CP] Copy Pods Resources */,
			);
			buildRules = (
			);
			dependencies = (
			);
			name = "Beacons Box";
			productName = iBeaconManager;
			productReference = 94F0D4A21D1D373300EBF14B /* Beacons Box.app */;
			productType = "com.apple.product-type.application";
		};
		94F0D4B51D1D373300EBF14B /* iBeaconManagerTests */ = {
			isa = PBXNativeTarget;
			buildConfigurationList = 94F0D4C21D1D373300EBF14B /* Build configuration list for PBXNativeTarget "iBeaconManagerTests" */;
			buildPhases = (
				1380BB91AA39900F9D193DE5 /* [CP] Check Pods Manifest.lock */,
				94F0D4B21D1D373300EBF14B /* Sources */,
				94F0D4B31D1D373300EBF14B /* Frameworks */,
				94F0D4B41D1D373300EBF14B /* Resources */,
				AAB94DA438EB922B65DD59D7 /* [CP] Embed Pods Frameworks */,
				F5D4F694709F72A34645DF36 /* [CP] Copy Pods Resources */,
			);
			buildRules = (
			);
			dependencies = (
				94F0D4B81D1D373300EBF14B /* PBXTargetDependency */,
			);
			name = iBeaconManagerTests;
			productName = iBeaconManagerTests;
			productReference = 94F0D4B61D1D373300EBF14B /* Beacons Box.xctest */;
			productType = "com.apple.product-type.bundle.unit-test";
		};
/* End PBXNativeTarget section */

/* Begin PBXProject section */
		94F0D49A1D1D373300EBF14B /* Project object */ = {
			isa = PBXProject;
			attributes = {
				LastSwiftUpdateCheck = 0720;
				LastUpgradeCheck = 0720;
				ORGANIZATIONNAME = Maxim;
				TargetAttributes = {
					94F0D4A11D1D373300EBF14B = {
						CreatedOnToolsVersion = 7.2;
						DevelopmentTeam = 6L2SX9VHNH;
						LastSwiftMigration = 0800;
					};
					94F0D4B51D1D373300EBF14B = {
						CreatedOnToolsVersion = 7.2;
						LastSwiftMigration = 0800;
						TestTargetID = 94F0D4A11D1D373300EBF14B;
					};
				};
			};
			buildConfigurationList = 94F0D49D1D1D373300EBF14B /* Build configuration list for PBXProject "Beacons Box" */;
			compatibilityVersion = "Xcode 3.2";
			developmentRegion = English;
			hasScannedForEncodings = 0;
			knownRegions = (
				en,
				Base,
			);
			mainGroup = 94F0D4991D1D373300EBF14B;
			productRefGroup = 94F0D4A31D1D373300EBF14B /* Products */;
			projectDirPath = "";
			projectRoot = "";
			targets = (
				94F0D4A11D1D373300EBF14B /* Beacons Box */,
				94F0D4B51D1D373300EBF14B /* iBeaconManagerTests */,
			);
		};
/* End PBXProject section */

/* Begin PBXResourcesBuildPhase section */
		94F0D4A01D1D373300EBF14B /* Resources */ = {
			isa = PBXResourcesBuildPhase;
			buildActionMask = 2147483647;
			files = (
				9448E1B31D4FE37200B199A4 /* Localizable.strings in Resources */,
				94F0D4B01D1D373300EBF14B /* LaunchScreen.storyboard in Resources */,
				94F0D4AD1D1D373300EBF14B /* Assets.xcassets in Resources */,
				94F0D4AB1D1D373300EBF14B /* Main.storyboard in Resources */,
				947AAB571D3438A200095377 /* BeaconCell.xib in Resources */,
			);
			runOnlyForDeploymentPostprocessing = 0;
		};
		94F0D4B41D1D373300EBF14B /* Resources */ = {
			isa = PBXResourcesBuildPhase;
			buildActionMask = 2147483647;
			files = (
			);
			runOnlyForDeploymentPostprocessing = 0;
		};
/* End PBXResourcesBuildPhase section */

/* Begin PBXShellScriptBuildPhase section */
		1380BB91AA39900F9D193DE5 /* [CP] Check Pods Manifest.lock */ = {
			isa = PBXShellScriptBuildPhase;
			buildActionMask = 2147483647;
			files = (
			);
			inputPaths = (
			);
			name = "[CP] Check Pods Manifest.lock";
			outputPaths = (
			);
			runOnlyForDeploymentPostprocessing = 0;
			shellPath = /bin/sh;
			shellScript = "diff \"${PODS_ROOT}/../Podfile.lock\" \"${PODS_ROOT}/Manifest.lock\" > /dev/null\nif [[ $? != 0 ]] ; then\n    cat << EOM\nerror: The sandbox is not in sync with the Podfile.lock. Run 'pod install' or update your CocoaPods installation.\nEOM\n    exit 1\nfi\n";
			showEnvVarsInLog = 0;
		};
		72AB620A293EDDA25EE123ED /* [CP] Check Pods Manifest.lock */ = {
			isa = PBXShellScriptBuildPhase;
			buildActionMask = 2147483647;
			files = (
			);
			inputPaths = (
			);
			name = "[CP] Check Pods Manifest.lock";
			outputPaths = (
			);
			runOnlyForDeploymentPostprocessing = 0;
			shellPath = /bin/sh;
			shellScript = "diff \"${PODS_ROOT}/../Podfile.lock\" \"${PODS_ROOT}/Manifest.lock\" > /dev/null\nif [[ $? != 0 ]] ; then\n    cat << EOM\nerror: The sandbox is not in sync with the Podfile.lock. Run 'pod install' or update your CocoaPods installation.\nEOM\n    exit 1\nfi\n";
			showEnvVarsInLog = 0;
		};
		AAB94DA438EB922B65DD59D7 /* [CP] Embed Pods Frameworks */ = {
			isa = PBXShellScriptBuildPhase;
			buildActionMask = 2147483647;
			files = (
			);
			inputPaths = (
			);
			name = "[CP] Embed Pods Frameworks";
			outputPaths = (
			);
			runOnlyForDeploymentPostprocessing = 0;
			shellPath = /bin/sh;
			shellScript = "\"${SRCROOT}/Pods/Target Support Files/Pods-iBeaconManagerTests/Pods-iBeaconManagerTests-frameworks.sh\"\n";
			showEnvVarsInLog = 0;
		};
		D2C779DA2DE243D83A406EC2 /* [CP] Embed Pods Frameworks */ = {
			isa = PBXShellScriptBuildPhase;
			buildActionMask = 2147483647;
			files = (
			);
			inputPaths = (
			);
			name = "[CP] Embed Pods Frameworks";
			outputPaths = (
			);
			runOnlyForDeploymentPostprocessing = 0;
			shellPath = /bin/sh;
			shellScript = "\"${SRCROOT}/Pods/Target Support Files/Pods-iBeaconManager/Pods-iBeaconManager-frameworks.sh\"\n";
			showEnvVarsInLog = 0;
		};
		D41BA23B4C231E5941224060 /* [CP] Copy Pods Resources */ = {
			isa = PBXShellScriptBuildPhase;
			buildActionMask = 2147483647;
			files = (
			);
			inputPaths = (
			);
			name = "[CP] Copy Pods Resources";
			outputPaths = (
			);
			runOnlyForDeploymentPostprocessing = 0;
			shellPath = /bin/sh;
			shellScript = "\"${SRCROOT}/Pods/Target Support Files/Pods-iBeaconManager/Pods-iBeaconManager-resources.sh\"\n";
			showEnvVarsInLog = 0;
		};
		F5D4F694709F72A34645DF36 /* [CP] Copy Pods Resources */ = {
			isa = PBXShellScriptBuildPhase;
			buildActionMask = 2147483647;
			files = (
			);
			inputPaths = (
			);
			name = "[CP] Copy Pods Resources";
			outputPaths = (
			);
			runOnlyForDeploymentPostprocessing = 0;
			shellPath = /bin/sh;
			shellScript = "\"${SRCROOT}/Pods/Target Support Files/Pods-iBeaconManagerTests/Pods-iBeaconManagerTests-resources.sh\"\n";
			showEnvVarsInLog = 0;
		};
/* End PBXShellScriptBuildPhase section */

/* Begin PBXSourcesBuildPhase section */
		94F0D49E1D1D373300EBF14B /* Sources */ = {
			isa = PBXSourcesBuildPhase;
			buildActionMask = 2147483647;
			files = (
				947AAB591D34C82E00095377 /* BeaconViewCell.swift in Sources */,
				9448E1B11D4E935800B199A4 /* BesideBeaconsController.swift in Sources */,
				94F0D4A81D1D373300EBF14B /* StoredBeaconsController.swift in Sources */,
				9414CA281D1FC29300C08C6D /* RegionsController.swift in Sources */,
				947AAB551D32498900095377 /* BeaconDetailController.swift in Sources */,
				947AAB531D3181BE00095377 /* BeaconsStorageDelegate.swift in Sources */,
				9414CA3C1D1FF05500C08C6D /* RegionInfo+CoreDataProperties.swift in Sources */,
				9414CA3D1D1FF05500C08C6D /* RegionInfo.swift in Sources */,
				BCA2A3D01D266465003C75A4 /* BeaconsStorage.swift in Sources */,
				9414CA231D1E929300C08C6D /* RegionsPool.swift in Sources */,
				943334811D25CE020012BF8C /* AddRegionViewController.swift in Sources */,
				9414CA391D1FEFF900C08C6D /* RegionsInfo.xcdatamodeld in Sources */,
				94F0D4A61D1D373300EBF14B /* AppDelegate.swift in Sources */,
				947AAB511D31530600095377 /* BeaconItem.swift in Sources */,
			);
			runOnlyForDeploymentPostprocessing = 0;
		};
		94F0D4B21D1D373300EBF14B /* Sources */ = {
			isa = PBXSourcesBuildPhase;
			buildActionMask = 2147483647;
			files = (
				94F0D4BB1D1D373300EBF14B /* iBeaconManagerTests.swift in Sources */,
			);
			runOnlyForDeploymentPostprocessing = 0;
		};
/* End PBXSourcesBuildPhase section */

/* Begin PBXTargetDependency section */
		94F0D4B81D1D373300EBF14B /* PBXTargetDependency */ = {
			isa = PBXTargetDependency;
			target = 94F0D4A11D1D373300EBF14B /* Beacons Box */;
			targetProxy = 94F0D4B71D1D373300EBF14B /* PBXContainerItemProxy */;
		};
/* End PBXTargetDependency section */

/* Begin PBXVariantGroup section */
		94F0D4A91D1D373300EBF14B /* Main.storyboard */ = {
			isa = PBXVariantGroup;
			children = (
				94F0D4AA1D1D373300EBF14B /* Base */,
			);
			name = Main.storyboard;
			sourceTree = "<group>";
		};
		94F0D4AE1D1D373300EBF14B /* LaunchScreen.storyboard */ = {
			isa = PBXVariantGroup;
			children = (
				94F0D4AF1D1D373300EBF14B /* Base */,
			);
			name = LaunchScreen.storyboard;
			sourceTree = "<group>";
		};
/* End PBXVariantGroup section */

/* Begin XCBuildConfiguration section */
		94F0D4BD1D1D373300EBF14B /* Debug */ = {
			isa = XCBuildConfiguration;
			buildSettings = {
				ALWAYS_SEARCH_USER_PATHS = NO;
				CLANG_CXX_LANGUAGE_STANDARD = "gnu++0x";
				CLANG_CXX_LIBRARY = "libc++";
				CLANG_ENABLE_MODULES = YES;
				CLANG_ENABLE_OBJC_ARC = YES;
				CLANG_WARN_BOOL_CONVERSION = YES;
				CLANG_WARN_CONSTANT_CONVERSION = YES;
				CLANG_WARN_DIRECT_OBJC_ISA_USAGE = YES_ERROR;
				CLANG_WARN_EMPTY_BODY = YES;
				CLANG_WARN_ENUM_CONVERSION = YES;
				CLANG_WARN_INT_CONVERSION = YES;
				CLANG_WARN_OBJC_ROOT_CLASS = YES_ERROR;
				CLANG_WARN_UNREACHABLE_CODE = YES;
				CLANG_WARN__DUPLICATE_METHOD_MATCH = YES;
				"CODE_SIGN_IDENTITY[sdk=iphoneos*]" = "iPhone Developer";
				COPY_PHASE_STRIP = NO;
				DEBUG_INFORMATION_FORMAT = dwarf;
				ENABLE_STRICT_OBJC_MSGSEND = YES;
				ENABLE_TESTABILITY = YES;
				GCC_C_LANGUAGE_STANDARD = gnu99;
				GCC_DYNAMIC_NO_PIC = NO;
				GCC_NO_COMMON_BLOCKS = YES;
				GCC_OPTIMIZATION_LEVEL = 0;
				GCC_PREPROCESSOR_DEFINITIONS = (
					"DEBUG=1",
					"$(inherited)",
				);
				GCC_WARN_64_TO_32_BIT_CONVERSION = YES;
				GCC_WARN_ABOUT_RETURN_TYPE = YES_ERROR;
				GCC_WARN_UNDECLARED_SELECTOR = YES;
				GCC_WARN_UNINITIALIZED_AUTOS = YES_AGGRESSIVE;
				GCC_WARN_UNUSED_FUNCTION = YES;
				GCC_WARN_UNUSED_VARIABLE = YES;
				IPHONEOS_DEPLOYMENT_TARGET = 9.2;
				MTL_ENABLE_DEBUG_INFO = YES;
				ONLY_ACTIVE_ARCH = YES;
				SDKROOT = iphoneos;
				SWIFT_OPTIMIZATION_LEVEL = "-Onone";
			};
			name = Debug;
		};
		94F0D4BE1D1D373300EBF14B /* Release */ = {
			isa = XCBuildConfiguration;
			buildSettings = {
				ALWAYS_SEARCH_USER_PATHS = NO;
				CLANG_CXX_LANGUAGE_STANDARD = "gnu++0x";
				CLANG_CXX_LIBRARY = "libc++";
				CLANG_ENABLE_MODULES = YES;
				CLANG_ENABLE_OBJC_ARC = YES;
				CLANG_WARN_BOOL_CONVERSION = YES;
				CLANG_WARN_CONSTANT_CONVERSION = YES;
				CLANG_WARN_DIRECT_OBJC_ISA_USAGE = YES_ERROR;
				CLANG_WARN_EMPTY_BODY = YES;
				CLANG_WARN_ENUM_CONVERSION = YES;
				CLANG_WARN_INT_CONVERSION = YES;
				CLANG_WARN_OBJC_ROOT_CLASS = YES_ERROR;
				CLANG_WARN_UNREACHABLE_CODE = YES;
				CLANG_WARN__DUPLICATE_METHOD_MATCH = YES;
				"CODE_SIGN_IDENTITY[sdk=iphoneos*]" = "iPhone Developer";
				COPY_PHASE_STRIP = NO;
				DEBUG_INFORMATION_FORMAT = "dwarf-with-dsym";
				ENABLE_NS_ASSERTIONS = NO;
				ENABLE_STRICT_OBJC_MSGSEND = YES;
				GCC_C_LANGUAGE_STANDARD = gnu99;
				GCC_NO_COMMON_BLOCKS = YES;
				GCC_WARN_64_TO_32_BIT_CONVERSION = YES;
				GCC_WARN_ABOUT_RETURN_TYPE = YES_ERROR;
				GCC_WARN_UNDECLARED_SELECTOR = YES;
				GCC_WARN_UNINITIALIZED_AUTOS = YES_AGGRESSIVE;
				GCC_WARN_UNUSED_FUNCTION = YES;
				GCC_WARN_UNUSED_VARIABLE = YES;
				IPHONEOS_DEPLOYMENT_TARGET = 9.2;
				MTL_ENABLE_DEBUG_INFO = NO;
				SDKROOT = iphoneos;
				VALIDATE_PRODUCT = YES;
			};
			name = Release;
		};
		94F0D4C01D1D373300EBF14B /* Debug */ = {
			isa = XCBuildConfiguration;
			baseConfigurationReference = 92CD286735620A676C25D3B6 /* Pods-iBeaconManager.debug.xcconfig */;
			buildSettings = {
				ASSETCATALOG_COMPILER_APPICON_NAME = AppIcon;
				CODE_SIGN_IDENTITY = "iPhone Developer";
				"CODE_SIGN_IDENTITY[sdk=iphoneos*]" = "iPhone Developer";
				INFOPLIST_FILE = iBeaconManager/Info.plist;
				LD_RUNPATH_SEARCH_PATHS = "$(inherited) @executable_path/Frameworks";
				PRODUCT_BUNDLE_IDENTIFIER = com.none.BeaconsBox;
				PRODUCT_NAME = "Beacons Box";
				PROVISIONING_PROFILE = "";
				SWIFT_VERSION = 3.0;
			};
			name = Debug;
		};
		94F0D4C11D1D373300EBF14B /* Release */ = {
			isa = XCBuildConfiguration;
			baseConfigurationReference = 1FDDDFABFAD21ACBCFD72FC5 /* Pods-iBeaconManager.release.xcconfig */;
			buildSettings = {
				ASSETCATALOG_COMPILER_APPICON_NAME = AppIcon;
				CODE_SIGN_IDENTITY = "iPhone Developer";
				"CODE_SIGN_IDENTITY[sdk=iphoneos*]" = "iPhone Developer";
				INFOPLIST_FILE = iBeaconManager/Info.plist;
				LD_RUNPATH_SEARCH_PATHS = "$(inherited) @executable_path/Frameworks";
				PRODUCT_BUNDLE_IDENTIFIER = com.none.BeaconsBox;
				PRODUCT_NAME = "Beacons Box";
				PROVISIONING_PROFILE = "";
				SWIFT_VERSION = 3.0;
			};
			name = Release;
		};
		94F0D4C31D1D373300EBF14B /* Debug */ = {
			isa = XCBuildConfiguration;
			baseConfigurationReference = BED19967D412AF8D9C5FD13A /* Pods-iBeaconManagerTests.debug.xcconfig */;
			buildSettings = {
				BUNDLE_LOADER = "$(TEST_HOST)";
				INFOPLIST_FILE = iBeaconManagerTests/Info.plist;
				LD_RUNPATH_SEARCH_PATHS = "$(inherited) @executable_path/Frameworks @loader_path/Frameworks";
				PRODUCT_BUNDLE_IDENTIFIER = ru.tutu.iBeaconManagerTests;
				PRODUCT_NAME = "Beacons Box";
				SWIFT_VERSION = 3.0;
				TEST_HOST = "$(BUILT_PRODUCTS_DIR)/Beacons Box.app/Beacons Box";
			};
			name = Debug;
		};
		94F0D4C41D1D373300EBF14B /* Release */ = {
			isa = XCBuildConfiguration;
			baseConfigurationReference = C83C54FAD226EC2715342E04 /* Pods-iBeaconManagerTests.release.xcconfig */;
			buildSettings = {
				BUNDLE_LOADER = "$(TEST_HOST)";
				INFOPLIST_FILE = iBeaconManagerTests/Info.plist;
				LD_RUNPATH_SEARCH_PATHS = "$(inherited) @executable_path/Frameworks @loader_path/Frameworks";
				PRODUCT_BUNDLE_IDENTIFIER = ru.tutu.iBeaconManagerTests;
				PRODUCT_NAME = "Beacons Box";
				SWIFT_VERSION = 3.0;
				TEST_HOST = "$(BUILT_PRODUCTS_DIR)/Beacons Box.app/Beacons Box";
			};
			name = Release;
		};
/* End XCBuildConfiguration section */

/* Begin XCConfigurationList section */
		94F0D49D1D1D373300EBF14B /* Build configuration list for PBXProject "Beacons Box" */ = {
			isa = XCConfigurationList;
			buildConfigurations = (
				94F0D4BD1D1D373300EBF14B /* Debug */,
				94F0D4BE1D1D373300EBF14B /* Release */,
			);
			defaultConfigurationIsVisible = 0;
			defaultConfigurationName = Release;
		};
		94F0D4BF1D1D373300EBF14B /* Build configuration list for PBXNativeTarget "Beacons Box" */ = {
			isa = XCConfigurationList;
			buildConfigurations = (
				94F0D4C01D1D373300EBF14B /* Debug */,
				94F0D4C11D1D373300EBF14B /* Release */,
			);
			defaultConfigurationIsVisible = 0;
			defaultConfigurationName = Release;
		};
		94F0D4C21D1D373300EBF14B /* Build configuration list for PBXNativeTarget "iBeaconManagerTests" */ = {
			isa = XCConfigurationList;
			buildConfigurations = (
				94F0D4C31D1D373300EBF14B /* Debug */,
				94F0D4C41D1D373300EBF14B /* Release */,
			);
			defaultConfigurationIsVisible = 0;
			defaultConfigurationName = Release;
		};
/* End XCConfigurationList section */

/* Begin XCVersionGroup section */
		9414CA371D1FEFF900C08C6D /* RegionsInfo.xcdatamodeld */ = {
			isa = XCVersionGroup;
			children = (
				9414CA381D1FEFF900C08C6D /* RegionsInfo.xcdatamodel */,
			);
			currentVersion = 9414CA381D1FEFF900C08C6D /* RegionsInfo.xcdatamodel */;
			path = RegionsInfo.xcdatamodeld;
			sourceTree = "<group>";
			versionGroupType = wrapper.xcdatamodel;
		};
/* End XCVersionGroup section */
	};
	rootObject = 94F0D49A1D1D373300EBF14B /* Project object */;
}
